
Microsoft Visual Studio Solution File, Format Version 12.00
# Visual Studio Version 16
VisualStudioVersion = 16.0.30611.23
MinimumVisualStudioVersion = 15.0.26124.0
Project("{2150E333-8FDC-42A3-9474-1A3956D46DE8}") = "presentation", "presentation", "{F0079EC4-0265-4062-8ACE-0AD1D11856FF}"
EndProject
Project("{FAE04EC0-301F-11D3-BF4B-00C04F79EFBC}") = "Store.Web.Core", "presentation\Store.Web.Core\Store.Web.Core.csproj", "{89178369-0FAB-444D-AFBE-D69A28CFAB8A}"
EndProject
Global
	GlobalSection(SolutionConfigurationPlatforms) = preSolution
		Debug|Any CPU = Debug|Any CPU
		Release|Any CPU = Release|Any CPU
	EndGlobalSection
	GlobalSection(ProjectConfigurationPlatforms) = postSolution
		{89178369-0FAB-444D-AFBE-D69A28CFAB8A}.Debug|Any CPU.ActiveCfg = Debug|Any CPU
		{89178369-0FAB-444D-AFBE-D69A28CFAB8A}.Debug|Any CPU.Build.0 = Debug|Any CPU
		{89178369-0FAB-444D-AFBE-D69A28CFAB8A}.Release|Any CPU.ActiveCfg = Release|Any CPU
		{89178369-0FAB-444D-AFBE-D69A28CFAB8A}.Release|Any CPU.Build.0 = Release|Any CPU
	EndGlobalSection
	GlobalSection(SolutionProperties) = preSolution
		HideSolutionNode = FALSE
	EndGlobalSection
	GlobalSection(NestedProjects) = preSolution
		{89178369-0FAB-444D-AFBE-D69A28CFAB8A} = {F0079EC4-0265-4062-8ACE-0AD1D11856FF}
	EndGlobalSection
	GlobalSection(ExtensibilityGlobals) = postSolution
		SolutionGuid = {B1640212-3A97-402F-B280-7F239C034EB2}
	EndGlobalSection
EndGlobal
